PODS:
  - ExampleKit_Dynamic (1.0)
  - ExampleKit_Static (1.0)

DEPENDENCIES:
  - ExampleKit_Dynamic (from `../dynamic`)
  - ExampleKit_Static (from `../static`)

EXTERNAL SOURCES:
  ExampleKit_Dynamic:
    :path: "../dynamic"
  ExampleKit_Static:
    :path: "../static"

SPEC CHECKSUMS:
  ExampleKit_Dynamic: ab5f48a6a9a5b8ed5656f8f663e37f15b91e4680
  ExampleKit_Static: 9b671a51c159374effc9c6ef6c7c2935ab45cfad

PODFILE CHECKSUM: 8d4469ba3abefdf1c2284b6616464584b5d1a39c

COCOAPODS: 1.11.3
