ag.granular:tiffany-iosarm64:0.1.3
app.cash.exhaustive:exhaustive-annotation-iosarm64:0.2.0
app.cash.molecule:molecule-runtime-iosarm64:0.7.0
app.cash.paging:paging-common-iosarm64:3.1.1-0.1.1
app.cash.paging:paging-runtime-iosarm64:3.1.1-0.1.1
app.cash.redwood:redwood-compose-iosarm64:0.2.1
app.cash.redwood:redwood-flexbox-iosarm64:0.2.1
app.cash.redwood:redwood-layout-api-iosarm64:0.2.1
app.cash.redwood:redwood-layout-compose-iosarm64:0.2.1
app.cash.redwood:redwood-layout-layoutmodifiers-iosarm64:0.2.1
app.cash.redwood:redwood-layout-uiview-iosarm64:0.2.1
app.cash.redwood:redwood-layout-widget-iosarm64:0.2.1
app.cash.redwood:redwood-protocol-compose-iosarm64:0.2.1
app.cash.redwood:redwood-protocol-iosarm64:0.2.1
app.cash.redwood:redwood-protocol-widget-iosarm64:0.2.1
app.cash.redwood:redwood-runtime-iosarm64:0.2.1
app.cash.redwood:redwood-schema-iosarm64:0.2.1
app.cash.redwood:redwood-treehouse-iosarm64:0.2.1
app.cash.redwood:redwood-treehouse-lazylayout-api-iosarm64:0.2.1
app.cash.redwood:redwood-treehouse-lazylayout-compose-iosarm64:0.2.1
app.cash.redwood:redwood-treehouse-lazylayout-uiview-iosarm64:0.2.1
app.cash.redwood:redwood-treehouse-lazylayout-widget-iosarm64:0.2.1
app.cash.redwood:redwood-widget-compose-iosarm64:0.2.1
app.cash.redwood:redwood-widget-iosarm64:0.2.1
app.cash.sqldelight:androidx-paging3-extensions-iosarm64:2.0.0-alpha05
app.cash.sqldelight:async-extensions-iosarm64:2.0.0-alpha05
app.cash.sqldelight:coroutines-extensions-iosarm64:2.0.0-alpha05
app.cash.sqldelight:native-driver-iosarm64:2.0.0-alpha05
app.cash.sqldelight:primitive-adapters-iosarm64:2.0.0-alpha05
app.cash.sqldelight:runtime-iosarm64:2.0.0-alpha05
app.cash.turbine:turbine-iosarm64:0.12.1
app.cash.zipline:zipline-iosarm64:0.9.15
app.cash.zipline:zipline-loader-iosarm64:0.9.15
app.softwork:kotlinx-serialization-csv-iosarm64:0.0.10
app.softwork:kotlinx-serialization-flf-iosarm64:0.0.10
app.softwork:kotlinx-uuid-core-iosarm64:0.0.17
app.softwork:kotlinx-uuid-sqldelight-iosarm64:0.0.17
ch.dreipol:dreimultiplatform-iosarm64:1.9-1.7.21-RC5
cloud.genesys:messenger-transport-mobile-sdk-iosArm64:2.2.0
cloud.proxi:shared-iosArm64:3.0.0-RC1
co.touchlab.crashkios:bugsnag-iosarm64:0.8.1
co.touchlab.crashkios:core-iosarm64:0.8.1
co.touchlab.crashkios:crashlytics-iosarm64:0.8.1
co.touchlab:crashkios-core-iosarm64:0.6.0
co.touchlab:crashkios-iosarm64:0.6.0
co.touchlab:karmok-library-iosarm64:0.1.8
co.touchlab:kermit-bugsnag-iosarm64:1.2.2
co.touchlab:kermit-bugsnag-test-iosarm64:1.2.0-M2
co.touchlab:kermit-core-iosarm64:1.2.0-M2
co.touchlab:kermit-crashlytics-iosarm64:1.2.2
co.touchlab:kermit-crashlytics-test-iosarm64:1.2.0-M2
co.touchlab:kermit-iosarm64:1.2.2
co.touchlab:kermit-nkt-iosarm64:1.2.0-M2
co.touchlab:kermit-sentry-iosarm64:1.2.0-M2
co.touchlab:kermit-sentry-test-iosarm64:1.2.0-M2
co.touchlab:kmmworker-iosarm64:0.1.1
co.touchlab:sqliter-driver-iosarm64:1.2.2
co.touchlab:sqliter-iosarm64:0.7.1
co.touchlab:stately-collections-iosarm64:1.2.3
co.touchlab:stately-common-iosarm64:1.2.3
co.touchlab:stately-concurrency-iosarm64:1.2.3
co.touchlab:stately-iso-collections-iosarm64:1.2.3
co.touchlab:stately-isolate-iosarm64:1.2.3
co.touchlab:testhelp-iosarm64:0.6.4
com.1gravity:redux-kotlin-iosarm64:0.5.10
com.1gravity:redux-kotlin-threadsafe-iosarm64:0.5.10
com.aallam.openai:openai-client-iosarm64:3.0.0-beta01
com.aallam.openai:openai-core-iosarm64:3.0.0-beta01
com.aallam.ulid:ulid-iosarm64:1.0.0
com.aallam.ulid:ulid-kotlin-iosarm64:1.2.1
com.adadapted:shared-iosarm64:0.0.1
com.adamratzman:spotify-api-kotlin-iosarm64:4.0.0
com.adeo.libres:libres-compose-iosarm64:1.1.3
com.adeo.libres:libres-iosarm64:1.1.3
com.adeo:kviewmodel-compose-iosarm64:0.13
com.adeo:kviewmodel-iosarm64:0.13
com.algolia:instantsearch-telemetry-iosarm64:0.2.0
com.apollographql.apollo3:apollo-cache-interceptor-iosarm64:3.0.0-dev13
com.apollographql.apollo3:apollo-normalized-cache-common-iosarm64:3.0.0-beta03
com.apollographql.apollo3:apollo-runtime-common-iosarm64:3.0.0-dev12
com.apollographql.apollo3:apollo-runtime-kotlin-iosarm64:3.0.0-dev12
com.apollographql.apollo3:deprecated-apollo-runtime-common-iosarm64:3.0.0-alpha03
com.appmattus.crypto:cryptohash-iosarm64:0.10.1
com.appmattus.mpu:battery-iosarm64:0.2.0
com.appmattus.mpu:connectivity-iosarm64:0.2.0
com.appmattus.mpu:package-info-iosarm64:0.2.0
com.appmattus:battery-iosarm64:0.1.0
com.appmattus:connectivity-iosarm64:0.1.0
com.appmattus:package-info-iosarm64:0.1.0
com.autodesk:coroutineworker-iosarm64:0.8.3
com.badoo.reaktive:coroutines-interop-iosarm64:1.2.3
com.badoo.reaktive:reaktive-annotations-iosarm64:1.2.3
com.badoo.reaktive:reaktive-iosarm64:1.2.3
com.badoo.reaktive:reaktive-testing-iosarm64:1.2.3
com.badoo.reaktive:utils-iosarm64:1.2.3
com.benasher44:uuid-iosarm64:0.6.0
com.bennyhuo.kotlin:klue-annotations-iosarm64:1.0-Beta
com.bennyhuo.kotlin:klue-runtime-common-iosarm64:1.0-Beta
com.bennyhuo.kotlin:klue-runtime-reactnative-iosarm64:1.0-Beta
com.bennyhuo.kotlin:klue-runtime-webview-iosarm64:1.0-Beta
com.careem.mockingbird:mockingbird-iosarm64:2.11.0
com.chimerapps.kotlin-inject-viewmodelfactory:runtime-iosarm64:0.1.0
com.ciaransloan:salient-core-iosarm64:1.0.0-SNAPSHOT01
com.ciaransloan:salient-iosarm64:1.0.0-alpha02
com.codingfeline.kgql:core-iosarm64:0.11.0
com.collectiveidea.twirp:twirp-kmm-runtime-iosarm64:0.1.0
com.configcat:configcat-kotlin-client-iosarm64:1.2.1
com.crowdproj:kotlin-cor-iosarm64:0.5.5
com.ctrip.flight.mmkv:mmkv-kotlin-iosarm64:1.2.5
com.ctrip.kotlin:sqllin-driver-iosarm64:1.0.0
com.ctrip.kotlin:sqllin-dsl-iosarm64:1.0.0
com.daugeldauge.kinzhal:kinzhal-annotations-iosarm64:0.0.5
com.diglol.crypto:aead-iosarm64:0.1.3
com.diglol.crypto:cipher-iosarm64:0.1.3
com.diglol.crypto:common-iosarm64:0.1.3
com.diglol.crypto:crypto-iosarm64:0.1.3
com.diglol.crypto:hash-iosarm64:0.1.3
com.diglol.crypto:kdf-iosarm64:0.1.3
com.diglol.crypto:mac-iosarm64:0.1.3
com.diglol.crypto:otp-iosarm64:0.1.3
com.diglol.crypto:pkc-iosarm64:0.1.3
com.diglol.crypto:random-iosarm64:0.1.3
com.diglol.encoding:encoding-iosarm64:0.1.0
com.diglol.id:id-iosarm64:0.2.0
com.ditchoom:buffer-iosarm64:1.1.10
com.ditchoom:mqtt-4-models-iosarm64:1.0.35
com.ditchoom:mqtt-5-models-iosarm64:1.0.28
com.ditchoom:mqtt-base-models-iosarm64:1.0.41
com.ditchoom:socket-iosarm64:1.1.7
com.doist.x.normalize:doistx-normalize-iosarm64:1.0.0
com.doist.x:normalize-iosarm64:1.0.4
com.doublesymmetry:multiplatform-viewmodel-iosarm64:0.0.3
com.ensarsarajcic.kotlinx:serialization-msgpack-iosarm64:0.5.3
com.ensarsarajcic.kotlinx:serialization-msgpack-timestamp-extension-iosarm64:0.5.3
com.ensarsarajcic.kotlinx:serialization-msgpack-unsigned-support-iosarm64:0.5.3
com.ensody.reactivestate:reactivestate-compose-iosarm64:5.0.1
com.ensody.reactivestate:reactivestate-core-iosarm64:5.2.1
com.ensody.reactivestate:reactivestate-core-test-iosarm64:5.2.1
com.ensody.reactivestate:reactivestate-iosarm64:5.2.1
com.ensody.reactivestate:reactivestate-test-iosarm64:5.2.1
com.episode6.redux:compose-iosarm64:1.0.1
com.episode6.redux:side-effects-iosarm64:1.0.1
com.episode6.redux:store-flow-iosarm64:1.0.1
com.episode6.redux:subscriber-aware-iosarm64:1.0.1
com.episode6.redux:test-support-iosarm64:1.0.1
com.eygraber:kotlin-duration-extensions-iosarm64:1.1.1
com.eygraber:uri-kmp-iosarm64:0.0.11
com.freeletics.flowredux:dsl-iosarm64:0.11.0
com.freeletics.flowredux:flowredux-iosarm64:1.0.2
com.freeletics.mad:state-machine-iosarm64:0.11.0
com.fsryan.tools:logging-iosarm64:0.4.2
com.fsryan.tools:logging-test-iosarm64:0.4.2
com.futuremind:koru-iosarm64:0.12.0
com.github.aartikov:replica-algebra-iosarm64:1.0.0-alpha10
com.github.aartikov:replica-core-iosarm64:1.0.0-alpha10
com.github.adevone.summer:lagerpeton-iosarm64:0.1.18
com.github.adevone.summer:summer-arch-lifecycle-iosarm64:1.0.0-sonatype-2
com.github.adevone.summer:summer-iosarm64:1.0.0-sonatype-2
com.github.ajalt.colormath:colormath-iosarm64:3.2.1
com.github.android-password-store:sublime-fuzzy-iosarm64:2.3.0
com.github.eliekarouz.feedbacktree:core-iosarm64:0.13.1
com.github.grigorevp:native-defaults-iosarm64:1.0.5
com.github.h0tk3y.betterParse:better-parse-iosarm64:0.4.4
com.github.kittinunf.cored:cored-iosarm64:0.7.2
com.github.ln-12:multiplatform-connectivity-status-iosarm64:1.3.0
com.github.omarmiatello.telegram:client-iosarm64:6.1
com.github.omarmiatello.telegram:dataclass-iosarm64:6.1
com.github.omarmiatello.telegram:dataclass-only-iosarm64:6.1
com.github.rnett.krosstalk:krosstalk-base-iosarm64:1.4.0
com.github.satoshun.firebase:analytics-iosarm64:1.6.1
com.github.sub-mob:logmob-iosarm64:2.0.0
com.github.sub-mob:scopemob-iosarm64:2.0.1
com.github.sub-mob:submob-iosarm64:2.0.0
com.github.submob:logmob-iosarm64:2.2.3
com.github.submob:parsermob-iosarm64:1.1.8
com.github.submob:scopemob-iosarm64:2.1.7
com.github.terrakok:kmm-essentials-iosarm64:0.1
com.github.torresmi.remotedata:remotedata-coroutines-iosarm64:2.0.0
com.github.torresmi.remotedata:remotedata-iosarm64:2.0.0
com.github.whyrising.y:y-collections-iosarm64:0.0.10
com.github.whyrising.y:y-concurrency-iosarm64:0.2.0
com.github.whyrising.y:y-core-iosarm64:0.2.0
com.goncalossilva:murmurhash-iosarm64:0.4.0
com.goncalossilva:resources-iosArm64:0.2.4
com.goncalossilva:resources-library-iosarm64:0.1.1
com.gu.kotlin:multiplatform-ophan-iosarm64:0.2.0
com.hibernix.finnhub:finnhub-api-iosarm64:0.1.0
com.hibernix.finnhub:finnhub-websocket-iosarm64:0.1.0
com.husseinala:blue-falcon-iosarm64:0.9.9
com.inkapplications.kimchi:analytics-iosarm64:2.0.3
com.inkapplications.kimchi:analytics-logger-iosarm64:2.0.3
com.inkapplications.kimchi:core-iosarm64:2.0.3
com.inkapplications.kimchi:logger-iosarm64:2.0.3
com.inkapplications.shade:auth-iosarm64:2.0.0-alpha
com.inkapplications.shade:core-iosarm64:2.0.0-alpha
com.inkapplications.shade:discover-iosarm64:2.0.0-alpha
com.inkapplications.shade:events-iosarm64:2.0.0-alpha
com.inkapplications.shade:grouped-lights-iosarm64:2.0.0-alpha
com.inkapplications.shade:internals-iosarm64:2.0.0-alpha
com.inkapplications.shade:lights-iosarm64:2.0.0-alpha
com.inkapplications.shade:rooms-iosarm64:2.0.0-alpha
com.inkapplications.shade:serialization-iosarm64:2.0.0-alpha
com.inkapplications.shade:structures-iosarm64:2.0.0-alpha
com.inkapplications.shade:zones-iosarm64:2.0.0-alpha
com.inkapplications.spondee:units-iosarm64:1.3.0
com.intsoftdev:nrservices-iosarm64:0.0.4
com.intsoftdev:nrstations-iosarm64:0.0.4
com.intsoftdev:sdknrservices-iosarm64:3.0.3
com.intsoftdev:sdknrstations-iosarm64:3.0.2
com.intsoftdev:shared-iosarm64:1.0
com.ionspin.kotlin:bignum-iosarm64:0.3.7
com.ionspin.kotlin:bignum-serialization-kotlinx-iosarm64:0.3.7
com.ionspin.kotlin:multiplatform-crypto-libsodium-bindings-iosarm64:0.8.8
com.jakewharton.crossword:crossword-iosarm64:0.2.0
com.jakewharton.picnic:picnic-iosarm64:0.6.0
com.javiersc.kotlin:kotlin-stdlib-iosarm64:0.1.0-alpha.12
com.javiersc.kotlinx:coroutines-run-blocking-all-iosarm64:0.1.0-rc.1
com.javiersc.kotlinx:coroutines-run-blocking-iosarm64:0.1.0-rc.1
com.javiersc.mokoki:mokoki-core-iosarm64:0.1.0-alpha.9
com.javiersc.mokoki:mokoki-iosarm64:0.2.0-alpha.1
com.javiersc.mokoki:mokoki-serialization-iosarm64:0.2.0-alpha.1
com.javiersc.mokoki:mokoki-test-iosarm64:0.2.0-alpha.1
com.javiersc.run-blocking-kmp:run-blocking-kmp-iosarm64:0.0.1
com.javiersc.run-blocking:run-blocking-all-iosarm64:0.1.0-beta.3
com.javiersc.run-blocking:run-blocking-core-iosarm64:0.1.0-beta.3
com.javiersc.run-blocking:run-blocking-iosarm64:0.1.0-alpha.1
com.javiersc.run-blocking:suspend-test-iosarm64:0.1.0-beta.3
com.javiersc.semantic-versioning:semantic-versioning-core-iosarm64:0.1.0-beta.6
com.javiersc.semver:semver-core-iosarm64:0.1.0-beta.13
com.jeevansurendran:work-iosarm64:0.0.8
com.juul.kable:core-iosarm64:0.21.0
com.juul.kable:log-engine-tuulbox-iosarm64:0.21.0
com.juul.koap:koap-iosarm64:0.8.1
com.juul.krayon:axis-iosarm64:0.13.1
com.juul.krayon:box-iosarm64:0.13.1
com.juul.krayon:color-iosarm64:0.13.1
com.juul.krayon:element-iosarm64:0.13.1
com.juul.krayon:hierarchy-iosarm64:0.13.1
com.juul.krayon:interpolate-iosarm64:0.13.1
com.juul.krayon:kanvas-iosarm64:0.13.1
com.juul.krayon:scale-iosarm64:0.13.1
com.juul.krayon:selection-iosarm64:0.13.1
com.juul.krayon:shape-iosarm64:0.13.1
com.juul.krayon:time-iosarm64:0.13.1
com.juul.tuulbox:collections-iosarm64:6.4.0
com.juul.tuulbox:coroutines-iosarm64:6.4.0
com.juul.tuulbox:encoding-iosarm64:6.4.0
com.juul.tuulbox:functional-iosarm64:6.4.0
com.juul.tuulbox:logging-iosarm64:6.4.0
com.juul.tuulbox:logging-ktor-client-iosarm64:6.4.0
com.liftric:auth-iosarm64:1.7.1
com.liftric:cognito-idp-iosarm64:2.8.2
com.liftric:kvault-iosarm64:1.10.0
com.linecorp.abc:kmm-analytics-tools-iosarm64:1.1.0
com.linecorp.abc:kmm-h3-iosarm64:0.1.7
com.linecorp.abc:kmm-location-iosarm64:0.2.11
com.linecorp.abc:kmm-notifications-iosarm64:0.4.2
com.linecorp.abc:kmm-shared-storage-iosarm64:1.0.2
com.louiscad.splitties:splitties-bitflags-iosarm64:3.0.0
com.louiscad.splitties:splitties-collections-iosarm64:3.0.0
com.louiscad.splitties:splitties-coroutines-iosarm64:3.0.0
com.louiscad.splitties:splitties-experimental-iosarm64:3.0.0
com.louiscad.splitties:splitties-mainthread-iosarm64:3.0.0
com.louiscad.splitties:splitties-preferences-iosarm64:3.0.0
com.michael-bull.kotlin-result:kotlin-result-coroutines-iosarm64:1.1.16
com.michael-bull.kotlin-result:kotlin-result-iosarm64:1.1.16
com.mikepenz:aboutlibraries-core-iosarm64:10.6.0-rc02
com.mikepenz:storyblok-mp-sdk-iosarm64:2.0.0-rc02
com.mobilejazz:harmony-kotlin-iosarm64:6.0.0
com.motorro.commonstatemachine:commonstatemachine-iosarm64:2.1.1
com.motorro.commonstatemachine:coroutines-iosarm64:2.1.1
com.motorro.keeplink:deeplink-iosarm64:2.0.0
com.motorro.keeplink:push-iosarm64:2.0.0
com.motorro.keeplink:uri-iosarm64:2.0.0
com.mparticle:smartype-api-iosarm64:1.3
com.mparticle:smartype-mparticle-iosarm64:1.3
com.msabhi:dryrun-iosarm64:1.0.6-RC
com.msabhi:flywheel-iosarm64:1.1.5-RC
com.myunidays:direkt-iosarm64:0.0.10
com.myunidays:kiterable-iosarm64:0.0.15
com.myunidays:segmenkt-iosarm64:0.0.8
com.nwagu.forms:forms-iosarm64:2.0.0-alpha07
com.petersamokhin.notionsdk:notionsdk-iosarm64:0.0.5
com.petersamokhin.vksdk:core-iosarm64:0.0.8
com.petersamokhin.vksdk:http-client-common-ktor-iosarm64:0.0.8
com.piasy:kmp-xlog-iosarm64:1.0.0
com.plusmobileapps:konnectivity-iosarm64:0.1-alpha01
com.plusmobileapps:paging-iosarm64:0.1-alpha01
com.plusmobileapps:rick-and-morty-api-iosarm64:0.3
com.rickclephas.kmm:kmm-viewmodel-core-iosarm64:1.0.0-ALPHA-3
com.rickclephas.kmp:kmp-nativecoroutines-annotations-iosarm64:1.0.0-ALPHA-4
com.rickclephas.kmp:kmp-nativecoroutines-core-iosarm64:1.0.0-ALPHA-4
com.rickclephas.kmp:nserror-kt-iosarm64:0.1.0
com.rickclephas.kmp:nsexception-kt-bugsnag-iosarm64:0.1.3
com.rickclephas.kmp:nsexception-kt-core-iosarm64:0.1.3
com.rickclephas.kmp:nsexception-kt-crashlytics-iosarm64:0.1.3
com.rickclephas.kmp:nsexception-kt-sentry-iosarm64:0.1.3
com.russhwolf:multiplatform-settings-coroutines-iosarm64:1.0.0
com.russhwolf:multiplatform-settings-coroutines-native-mt-iosarm64:0.9
com.russhwolf:multiplatform-settings-iosarm64:1.0.0
com.russhwolf:multiplatform-settings-no-arg-iosarm64:1.0.0
com.russhwolf:multiplatform-settings-serialization-iosarm64:1.0.0
com.russhwolf:multiplatform-settings-test-iosarm64:1.0.0
com.shepeliev:webrtc-kmp-iosarm64:0.106.0
com.soywiz.korlibs.kbignum:kbignum-iosarm64:4.0.0-alpha-2
com.soywiz.korlibs.kbox2d:kbox2d-iosarm64:3.3.0
com.soywiz.korlibs.kds:kds-iosarm64:4.0.0-alpha-2
com.soywiz.korlibs.klock:klock-iosarm64:4.0.0-alpha-2
com.soywiz.korlibs.klogger:klogger-iosarm64:4.0.0-alpha-2
com.soywiz.korlibs.kmem:kmem-iosarm64:4.0.0-alpha-2
com.soywiz.korlibs.korau:korau-iosarm64:4.0.0-alpha-2
com.soywiz.korlibs.korge2:korge-box2d-iosarm64:3.3.0
com.soywiz.korlibs.korge2:korge-dragonbones-iosarm64:3.3.0
com.soywiz.korlibs.korge2:korge-fleks-iosarm64:3.3.0
com.soywiz.korlibs.korge2:korge-iosarm64:4.0.0-alpha-2
com.soywiz.korlibs.korge2:korge-spine-iosarm64:3.3.0
com.soywiz.korlibs.korge2:korge-swf-iosarm64:3.3.0
com.soywiz.korlibs.korgw:korgw-iosarm64:4.0.0-alpha-2
com.soywiz.korlibs.korim:korim-iosarm64:4.0.0-alpha-2
com.soywiz.korlibs.korinject:korinject-iosarm64:4.0.0-alpha-2
com.soywiz.korlibs.korio:korio-iosarm64:4.0.0-alpha-2
com.soywiz.korlibs.korma:korma-iosarm64:4.0.0-alpha-2
com.soywiz.korlibs.korma:korma-shape-iosarm64:2.1.1
com.soywiz.korlibs.korte:korte-iosarm64:4.0.0-alpha-2
com.soywiz.korlibs.korvi:korvi-iosarm64:4.0.0-alpha-2
com.soywiz.korlibs.krypto:krypto-iosarm64:4.0.0-alpha-2
com.soywiz.korlibs.luak:luak-iosarm64:4.0.0-alpha-2
com.splendo.kaluga:alerts-iosarm64:0.5.0
com.splendo.kaluga:architecture-iosarm64:0.5.0
com.splendo.kaluga:base-iosarm64:0.5.0
com.splendo.kaluga:base-permissions-iosarm64:0.5.0
com.splendo.kaluga:beacons-iosarm64:0.5.0
com.splendo.kaluga:bluetooth-iosarm64:0.5.0
com.splendo.kaluga:bluetooth-permissions-iosarm64:0.5.0
com.splendo.kaluga:calendar-permissions-iosarm64:0.5.0
com.splendo.kaluga:camera-permissions-iosarm64:0.5.0
com.splendo.kaluga:contacts-permissions-iosarm64:0.5.0
com.splendo.kaluga:date-time-iosarm64:0.5.0
com.splendo.kaluga:date-time-picker-iosarm64:0.5.0
com.splendo.kaluga:hud-iosarm64:0.5.0
com.splendo.kaluga:keyboard-iosarm64:0.5.0
com.splendo.kaluga:links-iosarm64:0.5.0
com.splendo.kaluga:location-iosarm64:0.5.0
com.splendo.kaluga:location-permissions-iosarm64:0.5.0
com.splendo.kaluga:logging-iosarm64:0.5.0
com.splendo.kaluga:microphone-permissions-iosarm64:0.5.0
com.splendo.kaluga:notifications-permissions-iosarm64:0.5.0
com.splendo.kaluga:permissions-iosarm64:0.5.0
com.splendo.kaluga:resources-iosarm64:0.5.0
com.splendo.kaluga:review-iosarm64:0.5.0
com.splendo.kaluga:scientific-iosarm64:0.5.0
com.splendo.kaluga:storage-permissions-iosarm64:0.5.0
com.splendo.kaluga:system-iosarm64:0.5.0
com.squareup.okio:okio-fakefilesystem-iosarm64:3.3.0
com.squareup.okio:okio-iosarm64:3.3.0
com.squareup.okio:okio-multiplatform:3.0.0-alpha.9
com.squareup.sqldelight:coroutines-extensions-iosarm64:1.5.5
com.squareup.sqldelight:native-driver-iosarm64:1.5.5
com.squareup.sqldelight:runtime-iosarm64:1.5.5
com.squareup.wire:wire-grpc-client-iosarm64:4.5.0
com.squareup.wire:wire-kotlin-serialization-iosarm64:4.0.0-alpha.2
com.squareup.wire:wire-runtime-iosarm64:4.5.0
com.sunshinator:kuri-iosarm64:0.2.0
com.sunshinator:library-iosarm64:0.2.0
com.suparnatural.kotlin:concurrency-iosarm64:1.1.0
com.suparnatural.kotlin:fs-iosarm64:1.1.0
com.suparnatural.kotlin:graphql-iosarm64:1.1.0
com.suparnatural.kotlin:rx-iosarm64:1.1.0
com.suparnatural.kotlin:utilities-iosarm64:1.1.0
com.terathought.enchant:flare-iosarm64:1.0.0-alpha12
com.terathought.enchant:magic-iosarm64:1.0.0-alpha07
com.thebluekernel.common:core-iosarm64:0.25.0
com.thebluekernel.common:websocket-iosarm64:0.21.0
com.trafi.maas:core-iosarm64:0.1.0-dev05
com.tunjid.mutator:core-iosarm64:0.0.7
com.tunjid.mutator:coroutines-iosarm64:0.0.7
com.tunjid.tiler:tiler-iosarm64:1.0.0-rc02
com.tunjid.treenav:strings-iosarm64:0.0.4
com.tunjid.treenav:treenav-iosarm64:0.0.4
com.unflow:analytics-iosarm64:1.15.1
com.unflow:shared-iosarm64:1.15.1
com.unflow:unflow-analytics:1.15.1
com.vanniktech:blurhash-iosarm64:0.1.0
com.vanniktech:byteunits-iosarm64:0.11.0
com.vanniktech:multiplatform-locale-iosarm64:0.3.0
com.vanniktech:ui-iosarm64:0.4.0
com.willowtreeapps.assertk:assertk-coroutines-iosarm64:0.25
com.willowtreeapps.assertk:assertk-iosarm64:0.25
com.willowtreeapps.opentest4k:opentest4k-iosarm64:1.2.2
com.wokdsem.kinject:kinject-iosarm64:2.1.0
com.yazantarifi:websockets-iosarm64:0.13-alpha
com.yoti.mobile.mpp:mrtddump-iosarm64:1.2.8
com.yoti.mobile.mpp:smartcard-common-ios64:0.6.9
com.yoti.mobile.mpp:smartcard-common:0.6.9
de.cketti.unicode:kotlin-codepoints-deluxe-iosarm64:0.4.0
de.cketti.unicode:kotlin-codepoints-iosarm64:0.4.0
de.comahe.i18n4k:i18n4k-core-iosarm64:0.5.0
de.gal-digital:kmm-logger-iosarm64:1.1.0
de.gal-digital:kmm-preferences-iosarm64:0.0.1
de.jensklingenberg.cabret:cabret-log-iosarm64:1.0.4
de.jensklingenberg.ktorfit:ktorfit-annotations-iosarm64:1.0.0-beta17
de.jensklingenberg.ktorfit:ktorfit-lib-iosarm64:1.0.0-beta17
de.peilicke.sascha:kase64-iosarm64:1.0.6
de.peilicke.sascha:kex-iosarm64:1.1.2
de.peilicke.sascha:log4k-iosarm64:1.2.3
de.peilicke.sascha:log4k-slf4j-iosarm64:1.2.3
de.voize:pytorch-lite-multiplatform-iosarm64:0.5.1
de.voize:reakt-native-toolkit-iosarm64:0.2.0
dev.bluefalcon:blue-falcon-iosarm64:0.9.8
dev.bluefalcon:library-iosarm64:0.8.0
dev.erikchristensen.javamath2kmp:javamath2kmp-iosarm64:1.0
dev.gitlive:appauth-kotlin-iosarm64:0.0.2
dev.gitlive:firebase-app-iosarm64:1.6.2
dev.gitlive:firebase-auth-iosarm64:1.6.2
dev.gitlive:firebase-common-iosarm64:1.6.2
dev.gitlive:firebase-config-iosarm64:1.6.2
dev.gitlive:firebase-database-iosarm64:1.6.2
dev.gitlive:firebase-firestore-iosarm64:1.6.2
dev.gitlive:firebase-functions-iosarm64:1.6.2
dev.gitlive:firebase-installations-iosarm64:1.6.2
dev.gitlive:kotlin-diff-utils-iosarm64:5.1.4
dev.icerock.moko:biometry-iosarm64:0.2.0
dev.icerock.moko:graphics-iosarm64:0.9.0
dev.icerock.moko:javascript-iosarm64:0.3.0
dev.icerock.moko:maps-google-iosarm64:0.6.0
dev.icerock.moko:maps-iosarm64:0.6.0
dev.icerock.moko:maps-mapbox-iosarm64:0.6.0
dev.icerock.moko:mvvm-iosarm64:0.11.0
dev.icerock.moko:mvvm-state-deprecated-iosarm64:0.11.0
dev.icerock.moko:parcelize-iosarm64:0.8.0
dev.icerock.moko:resources-iosarm64:0.20.1
dev.icerock.moko:resources-test-iosarm64:0.20.1
dev.icerock.moko:socket-io-iosarm64:0.3.0
dev.icerock.moko:web3-iosarm64:0.18.0
dev.icerock.moko:widgets-bottomsheet-iosarm64:0.1.0
dev.icerock.moko:widgets-collection-iosarm64:0.1.0
dev.icerock.moko:widgets-datetime-picker-iosarm64:0.1.0
dev.icerock.moko:widgets-image-network-iosarm64:0.1.0
dev.icerock.moko:widgets-iosarm64:0.1.0
dev.icerock.moko:widgets-media-iosarm64:0.1.0
dev.icerock.moko:widgets-permissions-iosarm64:0.1.0
dev.icerock.moko:widgets-sms-iosarm64:0.1.0
dev.minimul:toolkit-arch-iosarm64:0.1.2
dev.minimul:toolkit-routing-iosarm64:0.1.2
dev.petuska:klip-api-iosarm64:0.4.1
dev.petuska:klip-assertions-iosarm64:0.4.1
dev.petuska:klip-core-iosarm64:0.4.1
dev.petuska:klip-iosarm64:0.4.1
dev.petuska:klip-runner-iosarm64:0.4.1
dev.petuska:kon-core-iosarm64:1.1.4
dev.petuska:kon-iosarm64:1.1.4
dev.petuska:kon-serialization-iosarm64:1.1.4
dev.romainguy:kotlin-math-iosarm64:1.5.3
dev.schlaubi:stdx-core-iosarm64:1.0.1
dev.schlaubi:stdx-coroutines-iosarm64:1.2.1
dev.schlaubi:stdx-serialization-iosarm64:1.2.1
dev.tmapps:konnection-iosarm64:1.1.10
dev.zacsweers.redacted:redacted-compiler-plugin-annotations-iosarm64:1.3.0
fr.acinq.bitcoin:bitcoin-kmp-iosarm64:0.11.0
fr.acinq.lightning:lightning-kmp-iosarm64:1.4.1
fr.acinq.secp256k1:secp256k1-kmp-iosarm64:0.7.1
fr.haan.bipak:bipak-core-iosarm64:0.9.2
fr.haan.resultat:resultat-iosarm64:1.0.0
garden.ephemeral.math:komplex-iosarm64:1.0.0
hu.fitpuli:abele-iosarm64:0.4.0
io.arrow-kt:arrow-analysis-laws-iosarm64:2.0.3-alpha.2
io.arrow-kt:arrow-analysis-types-iosarm64:2.0.3-alpha.2
io.arrow-kt:arrow-meta-prelude-iosarm64:2.0.0-alpha.6
io.data2viz.d2v:d2v-axis-iosArm64:0.10.1
io.data2viz.d2v:d2v-chord-iosArm64:0.10.1
io.data2viz.d2v:d2v-color-iosArm64:0.10.1
io.data2viz.d2v:d2v-core-iosArm64:0.10.1
io.data2viz.d2v:d2v-delaunay-iosArm64:0.10.1
io.data2viz.d2v:d2v-dsv-iosArm64:0.10.1
io.data2viz.d2v:d2v-ease-iosArm64:0.10.1
io.data2viz.d2v:d2v-force-iosArm64:0.10.1
io.data2viz.d2v:d2v-format-iosArm64:0.10.1
io.data2viz.d2v:d2v-hexbin-iosArm64:0.10.1
io.data2viz.d2v:d2v-hierarchy-iosArm64:0.10.1
io.data2viz.d2v:d2v-interpolate-iosArm64:0.10.1
io.data2viz.d2v:d2v-quadtree-iosArm64:0.10.1
io.data2viz.d2v:d2v-random-iosArm64:0.10.1
io.data2viz.d2v:d2v-sankey-iosArm64:0.10.1
io.data2viz.d2v:d2v-scale-iosArm64:0.10.1
io.data2viz.d2v:d2v-shape-iosArm64:0.10.1
io.data2viz.d2v:d2v-tests-iosArm64:0.10.1
io.data2viz.d2v:d2v-tile-iosArm64:0.10.1
io.data2viz.d2v:d2v-time-format-iosArm64:0.10.1
io.data2viz.d2v:d2v-time-iosArm64:0.10.1
io.data2viz.d2v:d2v-timer-iosArm64:0.10.1
io.data2viz.d2v:d2v-viz-iosArm64:0.10.1
io.data2viz.d2v:d2v-voronoi-iosArm64:0.10.1
io.dyte:media-iosarm64:0.0.1
io.dyte:webrtc-iosarm64:0.106.1
io.eqoty.kryptools:aes-siv-iosarm64:0.2.0
io.eqoty.kryptools:aes256-gcm-iosarm64:0.2.0
io.eqoty.kryptools:axlsign-iosarm64:0.2.0
io.eqoty.kryptools:bech32-iosarm64:0.2.0
io.fluidsonic.country:fluid-country-iosarm64:0.12.0
io.fluidsonic.currency:fluid-currency-iosarm64:0.12.0
io.fluidsonic.graphql:fluid-graphql-dsl-iosarm64:0.14.0
io.fluidsonic.graphql:fluid-graphql-execution-iosarm64:0.14.0
io.fluidsonic.graphql:fluid-graphql-iosarm64:0.14.0
io.fluidsonic.graphql:fluid-graphql-language-iosarm64:0.14.0
io.fluidsonic.i18n:fluid-i18n-data-identifiers-iosarm64:0.12.0
io.fluidsonic.i18n:fluid-i18n-data-iosarm64:0.9.0
io.fluidsonic.i18n:fluid-i18n-data-regions-iosarm64:0.12.0
io.fluidsonic.i18n:fluid-i18n-iosarm64:0.12.0
io.fluidsonic.locale:fluid-locale-iosarm64:0.12.0
io.fluidsonic.stdlib:fluid-stdlib-iosarm64:0.12.0
io.fluidsonic.time:fluid-time-iosarm64:0.17.0
io.github.aakira:napier-iosarm64:2.6.1
io.github.ajacquierbret:kotlinphoenix-adapters-iosarm64:1.0.3
io.github.ajacquierbret:kotlinphoenix-client-iosarm64:1.0.3
io.github.ajacquierbret:kotlinphoenix-iosarm64:1.0.2
io.github.alexgladkov:odyssey-core-iosarm64:1.0.0-beta12
io.github.andreypfau:curve25519-kotlin-iosarm64:0.0.6
io.github.anioutkazharkova:di-multiplatform-lib-iosarm64:1.2.0
io.github.bcckzteam:amplitude-iosarm64:0.0.2
io.github.bcckzteam:analytics-iosarm64:0.0.2
io.github.bcckzteam:appmetrica-iosarm64:0.0.2
io.github.bcckzteam:appsflayer-iosarm64:0.0.2
io.github.bcckzteam:core-iosarm64:0.0.2
io.github.bcckzteam:file-iosarm64:0.0.1
io.github.bcckzteam:firebase-iosarm64:0.0.2
io.github.bcckzteam:huawei-iosarm64:0.0.1
io.github.beksar1998:kmm-architecture-common-flow-iosarm64:0.0.2
io.github.beksar1998:kmm-architecture-core-iosarm64:0.0.3
io.github.beksar1998:kmm-architecture-data-iosarm64:0.0.1
io.github.beksar1998:kmm-architecture-domain-iosarm64:0.0.3
io.github.beksar1998:kmm-architecture-presentation-iosarm64:0.0.3
io.github.beksar1998:kmm-platform-viewmodel-iosarm64:0.0.4
io.github.beksar1998:kmmlibrary-iosarm64:1.0.3
io.github.beksar1998:library-iosarm64:0.0.3
io.github.chopyourbrain:kontrol-iosarm64:0.1.1
io.github.colagom:kowet-iosarm64:1.0.2-rc02
io.github.colagom:shared-iosarm64:1.0
io.github.copper-leaf:ballast-core-iosarm64:2.3.0
io.github.copper-leaf:ballast-debugger-iosarm64:2.3.0
io.github.copper-leaf:ballast-firebase-analytics-iosarm64:2.3.0
io.github.copper-leaf:ballast-firebase-crashlytics-iosarm64:2.3.0
io.github.copper-leaf:ballast-navigation-iosarm64:2.3.0
io.github.copper-leaf:ballast-repository-iosarm64:2.3.0
io.github.copper-leaf:ballast-saved-state-iosarm64:2.3.0
io.github.copper-leaf:ballast-sync-iosarm64:2.3.0
io.github.copper-leaf:ballast-test-iosarm64:2.3.0
io.github.copper-leaf:ballast-undo-iosarm64:2.3.0
io.github.copper-leaf:clog-core-iosarm64:4.1.1
io.github.copper-leaf:krow-core-iosarm64:1.0.0
io.github.copper-leaf:kudzu-core-iosarm64:4.0.0
io.github.copper-leaf:thistle-console-iosarm64:4.0.1
io.github.copper-leaf:thistle-core-iosarm64:4.0.1
io.github.copper-leaf:trellis-core-iosarm64:4.0.0
io.github.copper-leaf:trellis-dsl-iosarm64:4.0.0
io.github.darkokoa:pangu-iosarm64:0.2.0
io.github.dellisd.spatialk:geojson-iosarm64:0.2.1
io.github.dellisd.spatialk:turf-iosarm64:0.2.1
io.github.dominaezzz.matrixkt:olm-iosarm64:0.2.1
io.github.fabianterhorst:okio-fakefilesystem-iosarm64:3.0.0
io.github.fabianterhorst:okio-iosarm64:3.0.0
io.github.fabianterhorst:okio-multiplatform:3.0.0
io.github.gmvalentino8.cyklone:cyklone-iosarm64:0.0.1
io.github.gmvalentino8.cyklone:cyklone-statemachine-iosarm64:0.0.1
io.github.gmvalentino8:cyklone-iosarm64:0.0.1
io.github.gmvalentino8:cyklone-statemachine-iosarm64:0.0.1
io.github.hoc081098:FlowExt-iosarm64:0.5.0
io.github.irgaly.kottage:kottage-core-iosArm64:1.4.2
io.github.irgaly.kottage:kottage-data-sqlite-iosArm64:1.4.2
io.github.irgaly.kottage:kottage-iosArm64:1.4.2
io.github.jan-tennert.discordkm:DiscordKM-iosarm64:0.2
io.github.joesteven:kvideoplayer-iosarm64:1.0.1-dev03
io.github.joesteven:video-player-iosarm64:1.0.0
io.github.joreilly:mpp-sample-lib-iosarm64:0.0.2
io.github.joreilly:peopleinspace-lib-iosarm64:0.5.2
io.github.katerinapetrova:mpp-sample-lib-iosarm64:1.1.0
io.github.kdk96:gemini-binder-iosarm64:2.0.0-alpha5
io.github.kdk96:gemini-core-iosarm64:2.0.0-alpha5
io.github.klein-stein:neutrino-iosarm64:2.0
io.github.kuuuurt:multiplatform-paging-iosArm64:0.6.2
io.github.landrynorris.analytiks:analytiks-firebase-iosarm64:0.1.0
io.github.landrynorris.analytiks:analytiks-iosarm64:0.1.0
io.github.landrynorris.analytiks:analytiks-test-iosarm64:0.1.0
io.github.landrynorris:otp-iosarm64:0.1.0
io.github.landrynorris:platforminfo-iosarm64:1.1.0
io.github.leetaehoon-android:shared-iosarm64:1.0.0
io.github.luca992.cash.z.ecc.android:kotlin-bip39-iosarm64:1.0.2-mpp
io.github.luca992.dev.icerock.moko:resources-iosarm64:0.20.1-CFBundleIdentifierFix
io.github.luca992.dev.icerock.moko:resources-test-iosarm64:0.20.1-CFBundleIdentifierFix
io.github.luca992:ipfs-api-iosarm64:0.21.4
io.github.microutils:kotlin-logging-iosarm64:4.0.0-beta-2
io.github.murzagalin:multiplatform-expressions-evaluator-iosarm64:0.15.0
io.github.oshai:kotlin-logging-iosarm64:4.0.0-beta-9
io.github.pduy99:kmm-filesystem-iosarm64:1.0.0
io.github.pduy99:shared-iosarm64:1.0.0
io.github.pdvrieze.xmlutil:core-iosarm64:0.84.3
io.github.pdvrieze.xmlutil:serialization-iosarm64:0.84.3
io.github.pdvrieze.xmlutil:serialutil-iosarm64:0.84.3
io.github.piruin:geok-iosarm64:1.2.2
io.github.qdsfdhvh:koin-annotations-iosarm64:1.0.3.11
io.github.qdsfdhvh:ktor-fit-annotation-iosarm64:1.0.5.2
io.github.qdsfdhvh:paging-iosarm64:1.0.4
io.github.qdsfdhvh:precompose-annotation-iosarm64:1.0.4
io.github.rakeshchander:CachingLibrary-iosarm64:1.0.0
io.github.rakeshchander:RCCachingManager-iosarm64:1.1.0
io.github.reactivecircus.cache4k:cache4k-iosarm64:0.9.0
io.github.september669:AnkoLogger-iosarm64:0.2.8
io.github.september669:Reduks-iosarm64:0.1.8
io.github.sergeshustoff.dikt:dikt-annotations-iosarm64:1.0.3
io.github.sergeshustoff.dikt:dikt-runtime-iosarm64:1.0.0-alpha5
io.github.shabinder:fuzzywuzzy-iosarm64:1.1
io.github.shabinder:youtube-api-dl-iosarm64:1.4
io.github.skeptick.libres:libres-compose-iosarm64:1.1.4
io.github.skeptick.libres:libres-iosarm64:1.1.4
io.github.skolson:kmp-io-iosarm64:0.1.3
io.github.softartdev:sqlcipher-ktn-pod-iosarm64:1.3
io.github.syex:flykaw-iosarm64:1.0.0
io.github.tantantan277:shared-iosarm64:1.1
io.github.turansky.seskar:seskar-core-iosarm64:1.0.0
io.github.tyczj:tweedle-iosarm64:0.5.0
io.github.virelion:buildata-runtime-iosarm64:1.0.0
io.github.vladislav-chetrari:kmm-shared-lib-iosarm64:1.0.1
io.github.xlopec:shared-entities-iosarm64:1.0.0-alpha2-rc5
io.github.xlopec:tea-data-iosarm64:1.0.0-alpha5
io.github.xxfast:kstore-iosarm64:0.2.0
io.github.z4kn4fein:semver-iosarm64:1.4.2
io.goatbytes:codec-iosarm64:0.1.1
io.growthbook.sdk:GrowthBook-iosarm64:1.1.1
io.insert-koin:koin-annotations-iosarm64:1.1.0
io.insert-koin:koin-core-iosarm64:3.3.2
io.iohk:pbandk-runtime-iosarm64:0.20.7
io.islandtime:core-iosarm64:0.6.3
io.islandtime:serialization-extensions-iosArm64:0.6.3
io.kotest:kotest-assertions-api-iosarm64:5.5.5
io.ktor:ktor-client-auth-basic-iosarm64:1.6.8
io.ktor:ktor-client-auth-iosarm64:2.2.3
io.ktor:ktor-client-cio-iosarm64:2.2.3
io.ktor:ktor-client-content-negotiation-iosarm64:2.2.3
io.ktor:ktor-client-core-iosarm64:2.2.3
io.ktor:ktor-client-darwin-iosarm64:2.2.3
io.ktor:ktor-client-darwin-legacy-iosarm64:2.2.3
io.ktor:ktor-client-encoding-iosarm64:2.2.3
io.ktor:ktor-client-ios-iosarm64:2.2.3
io.ktor:ktor-client-json-iosarm64:2.2.3
io.ktor:ktor-client-logging-iosarm64:2.2.3
io.ktor:ktor-client-mock-iosarm64:2.2.3
io.ktor:ktor-client-resources-iosarm64:2.2.3
io.ktor:ktor-client-serialization-iosarm64:2.2.3
io.ktor:ktor-client-tests-iosarm64:2.2.3
io.ktor:ktor-client-websockets-iosarm64:2.2.3
io.ktor:ktor-events-iosarm64:2.2.3
io.ktor:ktor-http-cio-iosarm64:2.2.3
io.ktor:ktor-http-iosarm64:2.2.3
io.ktor:ktor-io-iosarm64:2.2.3
io.ktor:ktor-network-iosarm64:2.2.3
io.ktor:ktor-network-tls-iosarm64:2.2.3
io.ktor:ktor-resources-iosarm64:2.2.3
io.ktor:ktor-serialization-iosarm64:2.2.3
io.ktor:ktor-serialization-kotlinx-cbor-iosarm64:2.2.3
io.ktor:ktor-serialization-kotlinx-iosarm64:2.2.3
io.ktor:ktor-serialization-kotlinx-json-iosarm64:2.2.3
io.ktor:ktor-serialization-kotlinx-protobuf-iosarm64:2.2.3
io.ktor:ktor-test-dispatcher-iosarm64:2.2.3
io.ktor:ktor-utils-iosarm64:2.2.3
io.ktor:ktor-websocket-serialization-iosarm64:2.2.3
io.ktor:ktor-websockets-iosarm64:2.2.3
io.maryk.rocksdb:rocksdb-multiplatform-iosarm64:7.3.1-2
io.matthewnelson.kotlin-components:build-configuration-iosarm64:3.0.5
io.matthewnelson.kotlin-components:coroutines-iosarm64:1.1.5
io.matthewnelson.kotlin-components:encoding-base16-iosarm64:1.2.1
io.matthewnelson.kotlin-components:encoding-base32-iosarm64:1.2.1
io.matthewnelson.kotlin-components:encoding-base64-iosarm64:1.2.1
io.matthewnelson.kotlin-components:encoding-core-iosarm64:1.2.1
io.matthewnelson.kotlin-components:kmp-tor-common-iosarm64:1.3.4
io.matthewnelson.kotlin-components:kmp-tor-ext-callback-common-iosarm64:1.3.4
io.matthewnelson.kotlin-components:parcelize-iosarm64:0.1.2
io.matthewnelson.kotlin-components:request-concept-iosarm64:3.0.6
io.matthewnelson.kotlin-components:request-extension-navigation-iosarm64:3.0.6
io.matthewnelson.kotlin-components:request-feature-iosarm64:3.0.6
io.matthewnelson.kotlin-components:secure-random-iosarm64:0.1.2
io.matthewnelson.kotlin-components:value-clazz-iosarm64:0.1.0
io.mockative:kontinuity-core-iosarm64:1.1.1
io.mockative:mockative-iosarm64:1.3.1
io.monaru:shared-iosarm64:0.0.5
io.pressf.iap-native:iap-native-iosarm64:1.6.0
io.pressf.settings-native:settings-native-iosarm64:1.6.0
io.pressf.settings-native:settings_native-iosarm64:1.6.0
io.realm.kotlin:cinterop-iosarm64:1.6.1
io.rsocket.kotlin:rsocket-core-iosarm64:0.15.4
io.rsocket.kotlin:rsocket-ktor-client-iosarm64:0.15.4
io.rsocket.kotlin:rsocket-ktor-iosarm64:0.15.4
io.rsocket.kotlin:rsocket-transport-ktor-iosarm64:0.15.4
io.rsocket.kotlin:rsocket-transport-ktor-tcp-iosarm64:0.15.4
io.rsocket.kotlin:rsocket-transport-ktor-websocket-client-iosarm64:0.15.4
io.rsocket.kotlin:rsocket-transport-ktor-websocket-iosarm64:0.15.4
io.rsocket.kotlin:rsocket-transport-local-iosarm64:0.15.4
io.telereso.kmp:annotations-iosarm64:0.0.10
io.telereso.kmp:core-iosarm64:0.0.4
io.toxicity:rsa-api-key-validator-iosarm64:2.0.4
io.xorum:ReKamp-iosArm64:1.0.8
it.czerwinski:kotlin-util-iosarm64:1.8.0
it.krzeminski.vis-assert:vis-assert-iosarm64:0.4.1-beta
it.nicolasfarabegoli.pulverization-framework:core-iosarm64:0.4.8
it.nicolasfarabegoli.pulverization-framework:platform-iosarm64:0.4.8
it.nicolasfarabegoli.pulverization-framework:rabbitmq-platform-iosarm64:0.4.8
kr.sparkweb:mobile-infrastructure-annotation-iosarm64:0.7.0
kr.sparkweb:mobile-infrastructure-iosarm64:0.7.0
kr.sparkweb:mobile-infrastructure-paging-iosarm64:0.7.0
love.forte.catcode2:catcode2-core-iosarm64:0.3.1
love.forte.catcode2:catcode2-serialization-kotlinx-iosarm64:0.3.1
love.forte.simbot.util:simbot-util-api-requestor-core-iosarm64:3.0.0-RC.2
love.forte.simbot.util:simbot-util-api-requestor-ktor-iosarm64:3.0.0-RC.2
love.forte.simbot.util:simbot-util-stage-loop-iosarm64:3.0.0-RC.2
love.forte.simbot:simbot-logger-iosarm64:3.0.0-RC.2
me.dmdev.premo:premo-iosarm64:1.0.0-alpha.08
me.dmdev.premo:premo-navigation-iosarm64:1.0.0-alpha.08
me.him188:kotlin-dynamic-delegation-iosarm64:0.3.0-172.2
me.him188:kotlin-jvm-blocking-bridge-runtime-iosarm64:2.2.0-180.1
me.jason5lee:defer-iosarm64:1.0.1
me.jason5lee:resukt-iosarm64:1.0.0
me.nullicorn:mew-tea-f8-core-iosarm64:0.0.1
me.nullicorn:mew-tea-f8-ktor-io-iosarm64:0.0.1
me.nullicorn:mew-tea-f8-okio-iosarm64:0.0.1
me.sebj:time-iosarm64:0.4.0
me.tatarka.inject:kotlin-inject-runtime-iosarm64:0.6.0
moe.tlaster:KFilePicker-iosarm64:1.0.5
moe.tlaster:precompose-molecule-iosarm64:1.3.14
moe.tlaster:twitter-parser-iosarm64:0.2.5
net.benwoodworth.knbt:knbt-iosarm64:0.11.3
net.folivo:trixnity-api-client-iosarm64:3.3.1
net.folivo:trixnity-applicationserviceapi-model-iosarm64:3.3.1
net.folivo:trixnity-clientserverapi-client-iosarm64:3.3.1
net.folivo:trixnity-clientserverapi-model-iosarm64:3.3.1
net.folivo:trixnity-core-iosarm64:3.3.1
net.folivo:trixnity-crypto-iosarm64:3.3.1
net.folivo:trixnity-olm-iosarm64:3.3.1
net.folivo:trixnity-serverserverapi-client-iosarm64:3.3.1
net.folivo:trixnity-serverserverapi-model-iosarm64:3.3.1
net.humans.kmm.mvi:mvi-core-iosarm64:2023.02.02
net.mamoe:kotlin-jvm-blocking-bridge-iosarm64:1.10.6-1530.2
net.mamoe:kotlin-jvm-blocking-bridge-runtime-iosarm64:1.10.6-160.1
net.mbonnin.sqldelight:coroutines-extensions-iosarm64:1.5.6
net.mbonnin.sqldelight:native-driver-iosarm64:1.5.6
net.mbonnin.sqldelight:runtime-iosarm64:1.5.6
net.mready.json:fluidjson-iosarm64:1.0.0
net.pearx.kpastebin:kpastebin-iosarm64:1.0.0
net.sarazan:bismarck-iosarm64:0.3.2
net.sarazan:bismarck-kotlinx-json-iosarm64:0.3.2
net.sarazan:bismarck-serializer-kotlinx-iosarm64:0.3.1
org.brightify.hyperdrive:kotlin-utils-iosarm64:0.1.148
org.brightify.hyperdrive:krpc-annotations-iosarm64:0.1.148
org.brightify.hyperdrive:krpc-client-api-iosarm64:0.1.148
org.brightify.hyperdrive:krpc-client-impl-iosarm64:0.1.148
org.brightify.hyperdrive:krpc-client-impl-ktor-iosarm64:0.1.148
org.brightify.hyperdrive:krpc-server-api-iosarm64:0.1.148
org.brightify.hyperdrive:krpc-shared-api-iosarm64:0.1.148
org.brightify.hyperdrive:krpc-shared-impl-iosarm64:0.1.148
org.brightify.hyperdrive:krpc-shared-impl-ktor-iosarm64:0.1.148
org.brightify.hyperdrive:krpc-test-iosarm64:0.1.148
org.brightify.hyperdrive:logging-api-iosarm64:0.1.148
org.brightify.hyperdrive:multiplatformx-api-iosarm64:0.1.148
org.brightify.hyperdrive:multiplatformx-keyvalue-insecure-settings-iosarm64:0.1.148
org.brightify.hyperdrive:multiplatformx-keyvalue-iosarm64:0.1.148
org.brightify.hyperdrive:plugin-debug-iosarm64:0.1.148
org.chiachat:kbls-iosarm64:1.0.3
org.danbrough.kotlinx:atomicfu-iosarm64:0.19.0
org.danbrough.kotlinx:kotlinx-coroutines-core-iosarm64:1.6.4
org.danbrough.kotlinx:kotlinx-coroutines-test-iosarm64:1.6.4
org.danbrough.kotlinx:kotlinx-datetime-iosarm64:0.4.0
org.danbrough.kotlinx:kotlinx-html-iosarm64:0.8.0
org.danbrough.kotlinx:kotlinx-serialization-cbor-iosarm64:1.4.1
org.danbrough.kotlinx:kotlinx-serialization-core-iosarm64:1.4.1
org.danbrough.kotlinx:kotlinx-serialization-json-iosarm64:1.4.1
org.danbrough.kotlinx:kotlinx-serialization-json-okio-iosarm64:1.4.1
org.danbrough.kotlinx:kotlinx-serialization-properties-iosarm64:1.4.1
org.danbrough.kotlinx:kotlinx-serialization-protobuf-iosarm64:1.4.1
org.danbrough.okio:okio-fakefilesystem-iosarm64:3.3.0-alpha01
org.danbrough.okio:okio-iosarm64:3.3.0-alpha01
org.danbrough.sqldelight:async-extensions-iosarm64:2.0.0-alpha04
org.danbrough.sqldelight:coroutines-extensions-iosarm64:2.0.0-alpha04
org.danbrough.sqldelight:native-driver-iosarm64:2.0.0-alpha04
org.danbrough.sqldelight:primitive-adapters-iosarm64:2.0.0-alpha04
org.danbrough.sqldelight:runtime-iosarm64:2.0.0-alpha04
org.danbrough.touchlab:sqliter-driver-iosarm64:1.2.1
org.danbrough.touchlab:stately-collections-iosarm64:1.2.4_01
org.danbrough.touchlab:stately-common-iosarm64:1.2.4_01
org.danbrough.touchlab:stately-concurrency-iosarm64:1.2.4_01
org.danbrough.touchlab:stately-iso-collections-iosarm64:1.2.4_01
org.danbrough.touchlab:stately-isolate-iosarm64:1.2.4_01
org.danbrough:klog-iosarm64:0.0.2-beta02
org.danbrough:sqliter-driver-iosarm64:1.2.1
org.danbrough:stately-collections-iosarm64:1.2.2
org.danbrough:stately-common-iosarm64:1.2.2
org.danbrough:stately-concurrency-iosarm64:1.2.2
org.danbrough:stately-iso-collections-iosarm64:1.2.2
org.danbrough:stately-isolate-iosarm64:1.2.2
org.danilopianini:rrmxmx-kt-iosarm64:1.1.2
org.danilopianini:template-for-kotlin-multiplatform-projects-iosarm64:0.1.8
org.drewcarlson:blockset-iosarm64:0.1.5
org.drewcarlson:coingecko-iosarm64:1.0.0-beta02
org.drewcarlson:mobius-core-iosarm64:0.1.7
org.drewcarlson:mobius-extras-iosarm64:0.1.7
org.drewcarlson:mobius-internal-iosarm64:0.1.7
org.drewcarlson:mobiuskt-core-iosarm64:1.0.0-rc02
org.drewcarlson:mobiuskt-coroutines-iosarm64:1.0.0-rc02
org.drewcarlson:mobiuskt-extras-iosarm64:1.0.0-rc02
org.drewcarlson:mobiuskt-internal-iosarm64:0.1.9
org.drewcarlson:mobiuskt-update-generator-api-iosarm64:1.0.0-rc02
org.drewcarlson:mobiuskt-update-spec-api-iosarm64:0.5.2
org.drewcarlson:objectstore-cbor-iosarm64:0.2.0
org.drewcarlson:objectstore-core-iosarm64:0.2.0
org.drewcarlson:objectstore-fs-iosarm64:0.2.0
org.drewcarlson:objectstore-json-iosarm64:0.2.0
org.drewcarlson:objectstore-protobuf-iosarm64:0.2.0
org.drewcarlson:objectstore-secure-iosarm64:0.2.0
org.drewcarlson:qbittorrent-client-iosarm64:1.0.0-beta03
org.drewcarlson:qbittorrent-models-iosarm64:1.0.0-beta03
org.drewcarlson:torrentsearch-iosarm64:0.4.2
org.featurea:kmp-library-publishing-iosarm64:0.0.5
org.hildan.krossbow:krossbow-stomp-core-iosarm64:5.0.0
org.hildan.krossbow:krossbow-stomp-default-iosarm64:4.0.3
org.hildan.krossbow:krossbow-stomp-kxserialization-iosarm64:5.0.0
org.hildan.krossbow:krossbow-stomp-kxserialization-json-iosarm64:5.0.0
org.hildan.krossbow:krossbow-websocket-builtin-iosarm64:5.0.0
org.hildan.krossbow:krossbow-websocket-core-iosarm64:5.0.0
org.hildan.krossbow:krossbow-websocket-ktor-iosarm64:5.0.0
org.jetbrains.compose.runtime:runtime-saveable-uikitarm64:1.3.0
org.jetbrains.compose.runtime:runtime-saveable:1.3.0
org.jetbrains.compose.runtime:runtime-uikitarm64:1.3.0
org.jetbrains.compose.runtime:runtime:1.3.0
org.jetbrains.compose.ui:ui-geometry-uikitarm64:1.3.0
org.jetbrains.compose.ui:ui-geometry:1.3.0
org.jetbrains.compose.ui:ui-unit-uikitarm64:1.3.0
org.jetbrains.compose.ui:ui-unit:1.3.0
org.jetbrains.compose.ui:ui-util-uikitarm64:1.3.0
org.jetbrains.compose.ui:ui-util:1.3.0
org.jetbrains.kotlin-wrappers:kotlin-css-iosarm64:1.0.0-pre.493
org.jetbrains.kotlin:kotlin-test:1.8.20-Beta
org.jetbrains.kotlinx:atomicfu-iosarm64:0.19.0
org.jetbrains.kotlinx:kotlinx-benchmark-runtime-iosarm64:0.4.7
org.jetbrains.kotlinx:kotlinx-collections-immutable-iosarm64:0.3.5
org.jetbrains.kotlinx:kotlinx-coroutines-core-iosarm64:1.6.4
org.jetbrains.kotlinx:kotlinx-coroutines-test-iosarm64:1.6.4
org.jetbrains.kotlinx:kotlinx-datetime-iosarm64:0.4.0
org.jetbrains.kotlinx:kotlinx-html-iosarm64:0.8.0
org.jetbrains.kotlinx:kotlinx-io-core-iosarm64:0.2.0-preview-dev3
org.jetbrains.kotlinx:kotlinx-serialization-cbor-iosarm64:1.5.0-RC
org.jetbrains.kotlinx:kotlinx-serialization-core-iosarm64:1.5.0-RC
org.jetbrains.kotlinx:kotlinx-serialization-json-iosarm64:1.5.0-RC
org.jetbrains.kotlinx:kotlinx-serialization-json-okio-iosarm64:1.5.0-RC
org.jetbrains.kotlinx:kotlinx-serialization-properties-iosarm64:1.5.0-RC
org.jetbrains.kotlinx:kotlinx-serialization-protobuf-iosarm64:1.5.0-RC
org.jetbrains.kotlinx:kotlinx-serialization-runtime-iosarm64:1.0-M1-1.4.0-rc
org.jetbrains.kotlinx:multik-core-iosarm64:0.2.1
org.jetbrains.kotlinx:multik-default-iosarm64:0.2.1
org.jetbrains.kotlinx:multik-kotlin-iosarm64:0.2.1
org.jetbrains:markdown-iosarm64:0.3.6
org.kobjects.ktxml:core-iosarm64:0.2.3
org.kobjects.kxml3:core-iosarm64:0.1.3
org.kodein.db:kodein-db-api-iosarm64:0.9.0-beta
org.kodein.db:kodein-db-inmemory-iosarm64:0.9.0-beta
org.kodein.db:kodein-db-iosarm64:0.9.0-beta
org.kodein.db:kodein-db-serializer-kotlinx-iosarm64:0.9.0-beta
org.kodein.db:kodein-leveldb-api-iosarm64:0.9.0-beta
org.kodein.db:kodein-leveldb-inmemory-iosarm64:0.9.0-beta
org.kodein.db:kodein-leveldb-iosarm64:0.9.0-beta
org.kodein.di:kodein-di-conf-iosarm64:7.18.0
org.kodein.di:kodein-di-framework-compose-iosarm64:7.18.0
org.kodein.di:kodein-di-iosarm64:7.18.0
org.kodein.log:canard-iosarm64:0.17.0
org.kodein.log:kodein-log-iosarm64:0.13.0
org.kodein.memory:klio-crypto-iosarm64:0.12.0
org.kodein.memory:klio-files-iosarm64:0.12.0
org.kodein.memory:klio-iosarm64:0.12.0
org.kodein.memory:kodein-file-iosarm64:0.3.0
org.kodein.memory:kodein-memory-crypto-iosarm64:0.11.0
org.kodein.memory:kodein-memory-files-iosarm64:0.11.0
org.kodein.memory:kodein-memory-iosarm64:0.11.0
org.kodein.mock:mockmp-runtime-iosarm64:1.11.0
org.kodein.mock:mockmp-test-helper-iosarm64:1.11.0
org.kodein.mock:mockmp-test-helper-junit5-iosarm64:1.11.0
org.kodein.type:kaverit-iosarm64:2.3.0
org.kodein.type:kodein-type-iosarm64:1.13.0
org.lighthousegames:logging-iosarm64:1.2.1
org.mobilenativefoundation.store:cache5-iosarm64:5.0.0-alpha03
org.mobilenativefoundation.store:multicast5-iosarm64:5.0.0-alpha03
org.mongodb.kbson:kbson-iosarm64:0.2.0
org.oolong-kt:oolong-iosarm64:2.1.1
org.orbit-mvi:orbit-core-iosarm64:4.5.0
org.reduxkotlin:redux-kotlin-iosarm64:0.6.1
org.reduxkotlin:redux-kotlin-threadsafe-iosarm64:0.6.1
org.reduxkotlin:redux-kotlin-thunk-iosarm64:0.6.0
org.reduxkotlin:reselect-iosarm64:0.5.5
org.ton:ton-kotlin-bigint-iosarm64:0.2.14
org.ton:ton-kotlin-bitstring-iosarm64:0.2.14
org.ton:ton-kotlin-boc-iosarm64:0.2.14
org.ton:ton-kotlin-cell-iosarm64:0.2.14
org.ton:ton-kotlin-crypto-iosarm64:0.2.14
org.ton:ton-kotlin-fift-iosarm64:0.2.14
org.ton:ton-kotlin-logger-iosarm64:0.2.14
org.ton:ton-kotlin-mnemonic-iosarm64:0.2.14
org.ton:ton-kotlin-tl-iosarm64:0.2.14
pl.allegro.mobile:json-logic-kmp-iosarm64:0.2.1
pro.respawn.flowmvi:core-iosarm64:1.1.2
pro.respawn.kmmutils:common-iosarm64:1.0.1
pro.respawn.kmmutils:coroutines-iosarm64:1.0.1
pro.respawn.kmmutils:datetime-iosarm64:1.0.1
pro.streem.pbandk:pbandk-runtime-iosarm64:0.14.2
pw.binom:bitarray-iosarm64:0.1.1
ru.astrainteractive.mobilex:di-container-iosarm64:2.4.7
ru.astrainteractive.mobilex:paging-iosarm64:2.4.7
ru.astrainteractive.mobilex:uitext-core-iosarm64:2.4.7
ru.astrainteractive.mobilex:uitext-mr-iosarm64:2.4.7
ru.dimsuz:unicorn2-iosarm64:2.2.0
ru.dimsuz:yolk-iosarm64:1.1.0
ru.dimsuz:yolk-sqldelight-extensions-iosarm64:1.1.0
ru.kode:remo-iosarm64:1.1.1
ru.kontur.mobile.visualfsm:visualfsm-core-iosarm64:1.3.0
ru.mobiledev:slf4k-api-1.7-iosarm64:0.1
ru.mobileup:kmm-form-validation-iosarm64:1.0.0-alpha1
ru.pocketbyte.kydra:kydra-log-iosarm64:1.2.0
tech.antibytes.kfixture:core-iosarm64:0.4.0
tech.antibytes.kfixture:ktx-datetime-iosarm64:0.4.0
tech.antibytes.kmock:kmock-iosarm64:0.3.0-rc05
tech.fika.macaron:macaron-core-iosarm64:0.0.2
tech.fika.macaron:macaron-logging-iosarm64:0.0.2
tech.fika.macaron:macaron-messaging-iosarm64:0.0.2
tech.fika.macaron:macaron-statemachine-iosarm64:0.0.2
tech.fika.macaron:macaron-statesaver-iosarm64:0.0.2
tz.co.asoft:applikation-runtime-iosarm64:1.5.3
tz.co.asoft:cache-api-iosarm64:1.5.2
tz.co.asoft:cache-mock-iosarm64:1.5.1
tz.co.asoft:color-core-iosarm64:0.2.43
tz.co.asoft:color-css-iosarm64:0.2.43
tz.co.asoft:either-core-iosarm64:0.0.50
tz.co.asoft:email-core-iosarm64:0.0.30
tz.co.asoft:email-generator-iosarm64:0.0.30
tz.co.asoft:expect-core-iosarm64:1.5.3
tz.co.asoft:expect-coroutines-iosarm64:1.5.3
tz.co.asoft:formatter-iosarm64:0.2.43
tz.co.asoft:functions-iosarm64:1.5.3
tz.co.asoft:identifier-core-iosarm64:0.2.43
tz.co.asoft:identifier-generators-iosarm64:0.2.43
tz.co.asoft:invoice-core-iosarm64:0.0.60
tz.co.asoft:kash-core-iosarm64:0.2.43
tz.co.asoft:koncurrent-few-core-iosarm64:1.5.2
tz.co.asoft:koncurrent-few-coroutines-iosarm64:1.5.2
tz.co.asoft:koncurrent-later-core-iosarm64:1.5.2
tz.co.asoft:koncurrent-later-coroutines-iosarm64:1.5.2
tz.co.asoft:koncurrent-later-test-iosarm64:1.5.2
tz.co.asoft:koncurrent-pending-core-iosarm64:1.5.2
tz.co.asoft:koncurrent-pending-coroutines-iosarm64:1.5.2
tz.co.asoft:koncurrent-primitives-core-iosarm64:1.5.3
tz.co.asoft:koncurrent-primitives-coroutines-iosarm64:1.5.3
tz.co.asoft:koncurrent-primitives-mock-iosarm64:1.5.3
tz.co.asoft:kotlinx-atomic-collections-iosarm64:0.0.10
tz.co.asoft:kotlinx-collections-atomic-iosarm64:1.5.3
tz.co.asoft:kotlinx-collections-interoperable-iosarm64:1.5.3
tz.co.asoft:kotlinx-coroutines-core-iosarm64:0.1.10
tz.co.asoft:kotlinx-coroutines-test-iosarm64:1.4.50
tz.co.asoft:kotlinx-extensions-core-iosarm64:0.0.30
tz.co.asoft:kotlinx-serialization-mapper-iosarm64:1.5.3
tz.co.asoft:krypto-core-iosarm64:0.0.50
tz.co.asoft:krypto-keys-iosarm64:0.0.50
tz.co.asoft:kuest-core-iosarm64:1.5.2
tz.co.asoft:kuest-coroutines-iosarm64:1.5.2
tz.co.asoft:kuest-http-iosarm64:1.5.2
tz.co.asoft:kuest-mock-iosarm64:1.5.2
tz.co.asoft:kuest-test-iosarm64:1.5.2
tz.co.asoft:later-core-iosarm64:1.5.2
tz.co.asoft:later-ktx-iosarm64:1.5.2
tz.co.asoft:later-test-expect-iosarm64:1.5.0
tz.co.asoft:live-core-iosarm64:2.0.3
tz.co.asoft:live-coroutines-iosarm64:2.0.3
tz.co.asoft:live-test-iosarm64:2.0.3
tz.co.asoft:logging-console-iosarm64:1.5.3
tz.co.asoft:logging-core-iosarm64:1.5.3
tz.co.asoft:name-core-iosarm64:0.0.30
tz.co.asoft:name-generator-iosarm64:0.0.30
tz.co.asoft:payments-requests-core-iosarm64:0.2.43
tz.co.asoft:phone-core-iosarm64:0.0.30
tz.co.asoft:phone-generator-iosarm64:0.0.30
tz.co.asoft:platform-core-iosarm64:1.5.3
tz.co.asoft:result-core-iosarm64:0.0.50
tz.co.asoft:signer-core-iosarm64:0.0.10
tz.co.asoft:test-core-iosarm64:1.1.40
tz.co.asoft:test-coroutines-iosarm64:1.1.40
tz.co.asoft:theme-core-iosarm64:0.2.43
tz.co.asoft:theme-css-iosarm64:0.2.43
tz.co.asoft:viewmodel-core-iosarm64:2.0.3
tz.co.asoft:viewmodel-coroutines-iosarm64:2.0.2
tz.co.asoft:viewmodel-test-core-iosarm64:1.5.3
tz.co.asoft:viewmodel-test-expect-iosarm64:1.5.3
tz.co.asoft:viewmodel-test-iosarm64:2.0.2
xyz.metakeep.sdk:lib-iosarm64:2.0.0-beta.2