PODS:
  - ExampleKit_Dynamic (1.0)
  - ExampleKit_Static (1.0)

DEPENDENCIES:
  - ExampleKit_Dynamic (from `../dynamic`)
  - ExampleKit_Static (from `../static`)

EXTERNAL SOURCES:
  ExampleKit_Dynamic:
    :path: "../dynamic"
  ExampleKit_Static:
    :path: "../static"

SPEC CHECKSUMS:
  ExampleKit_Dynamic: 77d814665c44765e77ab614bd71993eb76ad6441
  ExampleKit_Static: 85af5a3ba18f93ef5bf0f07f5b3790f8407b8752

PODFILE CHECKSUM: d400ab9391bbe1550ba2fb2a4e3a5479c91b8018

COCOAPODS: 1.11.3
