PODS:
  - ExampleKit_Dynamic (1.0)
  - ExampleKit_Static (1.0)

DEPENDENCIES:
  - ExampleKit_Dynamic (from `../dynamic`)
  - ExampleKit_Static (from `../static`)

EXTERNAL SOURCES:
  ExampleKit_Dynamic:
    :path: "../dynamic"
  ExampleKit_Static:
    :path: "../static"

SPEC CHECKSUMS:
  ExampleKit_Dynamic: e195b9fed4d78bcc8adc7b32fe188adca172ecb7
  ExampleKit_Static: 056302b36c391f96665cfc2ca8775306bbaa1982

PODFILE CHECKSUM: d1b394ba8e79bf38fc06326772ab32f3ed8939d8

COCOAPODS: 1.11.3
